{
  "pins" : [
    {
      "identity" : "libtesseract",
      "kind" : "remoteSourceControl",
      "location" : "https://github.com/SwiftyTesseract/libtesseract.git",
      "state" : {
        "revision" : "214a36e04d740795d7ba2f07c6108944d0136f8a",
        "version" : "0.2.0"
      }
    },
    {
      "identity" : "qkmrzparser",
      "kind" : "remoteSourceControl",
      "location" : "https://github.com/eldhoselomy/QKMRZParser.git",
      "state" : {
        "branch" : "develop",
        "revision" : "6bf1abb8e1e6ead8096cdfe54bdbd2c596f9a078"
      }
    },
    {
      "identity" : "swiftytesseract",
      "kind" : "remoteSourceControl",
      "location" : "https://github.com/eldhoselomy/SwiftyTesseract.git",
      "state" : {
        "branch" : "develop",
        "revision" : "6a8c63b9f8e0af5278f17b8f6d715b0ecb869f4a"
      }
    }
  ],
  "version" : 2
}
